{
  "requires": true,
  "lockfileVersion": 1,
  "dependencies": {
    "geolib": {
      "version": "3.3.3",
      "resolved": "https://registry.npmjs.org/geolib/-/geolib-3.3.3.tgz",
      "integrity": "sha512-YO704pzdB/8QQekQuDmFD5uv5RAwAf4rOUPdcMhdEOz+HoPWD0sC7Qqdwb+LAvwIjXVRawx0QgZlocKYh8PFOQ=="
    },
    "react-icons": {
      "version": "4.3.1",
      "resolved": "https://registry.npmjs.org/react-icons/-/react-icons-4.3.1.tgz",
      "integrity": "sha512-cB10MXLTs3gVuXimblAdI71jrJx8njrJZmNMEMC+sQu5B/BIOmlsAjskdqpn81y8UBVEGuHODd7/ci5DvoSzTQ=="
    }
  }
}
